// !$*UTF8*$!
{
	archiveVersion = 1;
	classes = {
	};
	objectVersion = 46;
	objects = {

/* Begin PBXBuildFile section */
		093189271C2C582D000B8118 /* Parser.swift in Sources */ = {isa = PBXBuildFile; fileRef = 093189261C2C582D000B8118 /* Parser.swift */; };
		093189351C2D54F9000B8118 /* Extensions.swift in Sources */ = {isa = PBXBuildFile; fileRef = 093189341C2D54F9000B8118 /* Extensions.swift */; };
		093189371C2D5535000B8118 /* Login.swift in Sources */ = {isa = PBXBuildFile; fileRef = 093189361C2D5535000B8118 /* Login.swift */; };
		869B5B9C1C1E2610009AE757 /* AppDelegate.swift in Sources */ = {isa = PBXBuildFile; fileRef = 869B5B9B1C1E2610009AE757 /* AppDelegate.swift */; };
		869B5B9E1C1E2610009AE757 /* ViewController.swift in Sources */ = {isa = PBXBuildFile; fileRef = 869B5B9D1C1E2610009AE757 /* ViewController.swift */; };
		869B5BA11C1E2610009AE757 /* Main.storyboard in Resources */ = {isa = PBXBuildFile; fileRef = 869B5B9F1C1E2610009AE757 /* Main.storyboard */; };
		869B5BA31C1E2610009AE757 /* Assets.xcassets in Resources */ = {isa = PBXBuildFile; fileRef = 869B5BA21C1E2610009AE757 /* Assets.xcassets */; };
		869B5BA61C1E2610009AE757 /* LaunchScreen.storyboard in Resources */ = {isa = PBXBuildFile; fileRef = 869B5BA41C1E2610009AE757 /* LaunchScreen.storyboard */; };
		869B5BB11C1E2610009AE757 /* FlightAttendantAppTests.swift in Sources */ = {isa = PBXBuildFile; fileRef = 869B5BB01C1E2610009AE757 /* FlightAttendantAppTests.swift */; };
		869B5BBC1C1E2610009AE757 /* FlightAttendantAppUITests.swift in Sources */ = {isa = PBXBuildFile; fileRef = 869B5BBB1C1E2610009AE757 /* FlightAttendantAppUITests.swift */; };
		869B5C341C1E2D79009AE757 /* SwiftyJSON.framework in Frameworks */ = {isa = PBXBuildFile; fileRef = 869B5C271C1E2D70009AE757 /* SwiftyJSON.framework */; };
		869B5C351C1E2D79009AE757 /* SwiftyJSON.framework in Embed Frameworks */ = {isa = PBXBuildFile; fileRef = 869B5C271C1E2D70009AE757 /* SwiftyJSON.framework */; settings = {ATTRIBUTES = (CodeSignOnCopy, RemoveHeadersOnCopy, ); }; };
		869B5C381C1E2D88009AE757 /* Alamofire.framework in Frameworks */ = {isa = PBXBuildFile; fileRef = 869B5C0F1C1E2D67009AE757 /* Alamofire.framework */; };
		869B5C391C1E2D88009AE757 /* Alamofire.framework in Embed Frameworks */ = {isa = PBXBuildFile; fileRef = 869B5C0F1C1E2D67009AE757 /* Alamofire.framework */; settings = {ATTRIBUTES = (CodeSignOnCopy, RemoveHeadersOnCopy, ); }; };
/* End PBXBuildFile section */

/* Begin PBXContainerItemProxy section */
		869B5BAD1C1E2610009AE757 /* PBXContainerItemProxy */ = {
			isa = PBXContainerItemProxy;
			containerPortal = 869B5B901C1E2610009AE757 /* Project object */;
			proxyType = 1;
			remoteGlobalIDString = 869B5B971C1E2610009AE757;
			remoteInfo = FlightAttendantApp;
		};
		869B5BB81C1E2610009AE757 /* PBXContainerItemProxy */ = {
			isa = PBXContainerItemProxy;
			containerPortal = 869B5B901C1E2610009AE757 /* Project object */;
			proxyType = 1;
			remoteGlobalIDString = 869B5B971C1E2610009AE757;
			remoteInfo = FlightAttendantApp;
		};
		869B5C0E1C1E2D67009AE757 /* PBXContainerItemProxy */ = {
			isa = PBXContainerItemProxy;
			containerPortal = 869B5C041C1E2D67009AE757 /* Alamofire.xcodeproj */;
			proxyType = 2;
			remoteGlobalIDString = F8111E3319A95C8B0040E7D1;
			remoteInfo = "Alamofire iOS";
		};
		869B5C101C1E2D67009AE757 /* PBXContainerItemProxy */ = {
			isa = PBXContainerItemProxy;
			containerPortal = 869B5C041C1E2D67009AE757 /* Alamofire.xcodeproj */;
			proxyType = 2;
			remoteGlobalIDString = F8111E3E19A95C8B0040E7D1;
			remoteInfo = "Alamofire iOS Tests";
		};
		869B5C121C1E2D67009AE757 /* PBXContainerItemProxy */ = {
			isa = PBXContainerItemProxy;
			containerPortal = 869B5C041C1E2D67009AE757 /* Alamofire.xcodeproj */;
			proxyType = 2;
			remoteGlobalIDString = 4DD67C0B1A5C55C900ED2280;
			remoteInfo = "Alamofire OSX";
		};
		869B5C141C1E2D67009AE757 /* PBXContainerItemProxy */ = {
			isa = PBXContainerItemProxy;
			containerPortal = 869B5C041C1E2D67009AE757 /* Alamofire.xcodeproj */;
			proxyType = 2;
			remoteGlobalIDString = F829C6B21A7A94F100A2CD59;
			remoteInfo = "Alamofire OSX Tests";
		};
		869B5C161C1E2D67009AE757 /* PBXContainerItemProxy */ = {
			isa = PBXContainerItemProxy;
			containerPortal = 869B5C041C1E2D67009AE757 /* Alamofire.xcodeproj */;
			proxyType = 2;
			remoteGlobalIDString = 4CF626EF1BA7CB3E0011A099;
			remoteInfo = "Alamofire tvOS";
		};
		869B5C181C1E2D67009AE757 /* PBXContainerItemProxy */ = {
			isa = PBXContainerItemProxy;
			containerPortal = 869B5C041C1E2D67009AE757 /* Alamofire.xcodeproj */;
			proxyType = 2;
			remoteGlobalIDString = 4CF626F81BA7CB3E0011A099;
			remoteInfo = "Alamofire tvOS Tests";
		};
		869B5C1A1C1E2D67009AE757 /* PBXContainerItemProxy */ = {
			isa = PBXContainerItemProxy;
			containerPortal = 869B5C041C1E2D67009AE757 /* Alamofire.xcodeproj */;
			proxyType = 2;
			remoteGlobalIDString = E4202FE01B667AA100C997FB;
			remoteInfo = "Alamofire watchOS";
		};
		869B5C261C1E2D70009AE757 /* PBXContainerItemProxy */ = {
			isa = PBXContainerItemProxy;
			containerPortal = 869B5C1C1C1E2D6F009AE757 /* SwiftyJSON.xcodeproj */;
			proxyType = 2;
			remoteGlobalIDString = 2E4FEFDB19575BE100351305;
			remoteInfo = "SwiftyJSON iOS";
		};
		869B5C281C1E2D70009AE757 /* PBXContainerItemProxy */ = {
			isa = PBXContainerItemProxy;
			containerPortal = 869B5C1C1C1E2D6F009AE757 /* SwiftyJSON.xcodeproj */;
			proxyType = 2;
			remoteGlobalIDString = 2E4FEFE619575BE100351305;
			remoteInfo = "SwiftyJSON iOS Tests";
		};
		869B5C2A1C1E2D70009AE757 /* PBXContainerItemProxy */ = {
			isa = PBXContainerItemProxy;
			containerPortal = 869B5C1C1C1E2D6F009AE757 /* SwiftyJSON.xcodeproj */;
			proxyType = 2;
			remoteGlobalIDString = 9C7DFC5B1A9102BD005AA3F7;
			remoteInfo = "SwiftyJSON OSX";
		};
		869B5C2C1C1E2D70009AE757 /* PBXContainerItemProxy */ = {
			isa = PBXContainerItemProxy;
			containerPortal = 869B5C1C1C1E2D6F009AE757 /* SwiftyJSON.xcodeproj */;
			proxyType = 2;
			remoteGlobalIDString = 9C7DFC651A9102BD005AA3F7;
			remoteInfo = "SwiftyJSON OSX Tests";
		};
		869B5C2E1C1E2D70009AE757 /* PBXContainerItemProxy */ = {
			isa = PBXContainerItemProxy;
			containerPortal = 869B5C1C1C1E2D6F009AE757 /* SwiftyJSON.xcodeproj */;
			proxyType = 2;
			remoteGlobalIDString = E4D7CCE81B9465A700EE7221;
			remoteInfo = "SwiftyJSON watchOS";
		};
		869B5C301C1E2D70009AE757 /* PBXContainerItemProxy */ = {
			isa = PBXContainerItemProxy;
			containerPortal = 869B5C1C1C1E2D6F009AE757 /* SwiftyJSON.xcodeproj */;
			proxyType = 2;
			remoteGlobalIDString = 7236B4F61BAC14150020529B;
			remoteInfo = "SwiftyJSON tvOS";
		};
		869B5C321C1E2D70009AE757 /* PBXContainerItemProxy */ = {
			isa = PBXContainerItemProxy;
			containerPortal = 869B5C1C1C1E2D6F009AE757 /* SwiftyJSON.xcodeproj */;
			proxyType = 2;
			remoteGlobalIDString = A8580F741BCF5C5B00DA927B;
			remoteInfo = "SwiftyJSON tvOS Tests";
		};
		869B5C361C1E2D79009AE757 /* PBXContainerItemProxy */ = {
			isa = PBXContainerItemProxy;
			containerPortal = 869B5C1C1C1E2D6F009AE757 /* SwiftyJSON.xcodeproj */;
			proxyType = 1;
			remoteGlobalIDString = 2E4FEFDA19575BE100351305;
			remoteInfo = "SwiftyJSON iOS";
		};
		869B5C3A1C1E2D88009AE757 /* PBXContainerItemProxy */ = {
			isa = PBXContainerItemProxy;
			containerPortal = 869B5C041C1E2D67009AE757 /* Alamofire.xcodeproj */;
			proxyType = 1;
			remoteGlobalIDString = F8111E3219A95C8B0040E7D1;
			remoteInfo = "Alamofire iOS";
		};
/* End PBXContainerItemProxy section */

/* Begin PBXCopyFilesBuildPhase section */
		869B5BFD1C1E2628009AE757 /* Embed Frameworks */ = {
			isa = PBXCopyFilesBuildPhase;
			buildActionMask = 2147483647;
			dstPath = "";
			dstSubfolderSpec = 10;
			files = (
				869B5C351C1E2D79009AE757 /* SwiftyJSON.framework in Embed Frameworks */,
				869B5C391C1E2D88009AE757 /* Alamofire.framework in Embed Frameworks */,
			);
			name = "Embed Frameworks";
			runOnlyForDeploymentPostprocessing = 0;
		};
/* End PBXCopyFilesBuildPhase section */

/* Begin PBXFileReference section */
		093189261C2C582D000B8118 /* Parser.swift */ = {isa = PBXFileReference; fileEncoding = 4; lastKnownFileType = sourcecode.swift; path = Parser.swift; sourceTree = "<group>"; };
		093189341C2D54F9000B8118 /* Extensions.swift */ = {isa = PBXFileReference; fileEncoding = 4; lastKnownFileType = sourcecode.swift; path = Extensions.swift; sourceTree = "<group>"; };
		093189361C2D5535000B8118 /* Login.swift */ = {isa = PBXFileReference; fileEncoding = 4; lastKnownFileType = sourcecode.swift; path = Login.swift; sourceTree = "<group>"; };
		869B5B981C1E2610009AE757 /* FlightAttendantApp.app */ = {isa = PBXFileReference; explicitFileType = wrapper.application; includeInIndex = 0; path = FlightAttendantApp.app; sourceTree = BUILT_PRODUCTS_DIR; };
		869B5B9B1C1E2610009AE757 /* AppDelegate.swift */ = {isa = PBXFileReference; lastKnownFileType = sourcecode.swift; path = AppDelegate.swift; sourceTree = "<group>"; };
		869B5B9D1C1E2610009AE757 /* ViewController.swift */ = {isa = PBXFileReference; lastKnownFileType = sourcecode.swift; path = ViewController.swift; sourceTree = "<group>"; };
		869B5BA01C1E2610009AE757 /* Base */ = {isa = PBXFileReference; lastKnownFileType = file.storyboard; name = Base; path = Base.lproj/Main.storyboard; sourceTree = "<group>"; };
		869B5BA21C1E2610009AE757 /* Assets.xcassets */ = {isa = PBXFileReference; lastKnownFileType = folder.assetcatalog; path = Assets.xcassets; sourceTree = "<group>"; };
		869B5BA51C1E2610009AE757 /* Base */ = {isa = PBXFileReference; lastKnownFileType = file.storyboard; name = Base; path = Base.lproj/LaunchScreen.storyboard; sourceTree = "<group>"; };
		869B5BA71C1E2610009AE757 /* Info.plist */ = {isa = PBXFileReference; lastKnownFileType = text.plist.xml; path = Info.plist; sourceTree = "<group>"; };
		869B5BAC1C1E2610009AE757 /* FlightAttendantAppTests.xctest */ = {isa = PBXFileReference; explicitFileType = wrapper.cfbundle; includeInIndex = 0; path = FlightAttendantAppTests.xctest; sourceTree = BUILT_PRODUCTS_DIR; };
		869B5BB01C1E2610009AE757 /* FlightAttendantAppTests.swift */ = {isa = PBXFileReference; lastKnownFileType = sourcecode.swift; path = FlightAttendantAppTests.swift; sourceTree = "<group>"; };
		869B5BB21C1E2610009AE757 /* Info.plist */ = {isa = PBXFileReference; lastKnownFileType = text.plist.xml; path = Info.plist; sourceTree = "<group>"; };
		869B5BB71C1E2610009AE757 /* FlightAttendantAppUITests.xctest */ = {isa = PBXFileReference; explicitFileType = wrapper.cfbundle; includeInIndex = 0; path = FlightAttendantAppUITests.xctest; sourceTree = BUILT_PRODUCTS_DIR; };
		869B5BBB1C1E2610009AE757 /* FlightAttendantAppUITests.swift */ = {isa = PBXFileReference; lastKnownFileType = sourcecode.swift; path = FlightAttendantAppUITests.swift; sourceTree = "<group>"; };
		869B5BBD1C1E2610009AE757 /* Info.plist */ = {isa = PBXFileReference; lastKnownFileType = text.plist.xml; path = Info.plist; sourceTree = "<group>"; };
		869B5C041C1E2D67009AE757 /* Alamofire.xcodeproj */ = {isa = PBXFileReference; lastKnownFileType = "wrapper.pb-project"; name = Alamofire.xcodeproj; path = "Alamofire-master/Alamofire.xcodeproj"; sourceTree = "<group>"; };
		869B5C1C1C1E2D6F009AE757 /* SwiftyJSON.xcodeproj */ = {isa = PBXFileReference; lastKnownFileType = "wrapper.pb-project"; name = SwiftyJSON.xcodeproj; path = "SwiftyJSON-master/SwiftyJSON.xcodeproj"; sourceTree = "<group>"; };
/* End PBXFileReference section */

/* Begin PBXFrameworksBuildPhase section */
		869B5B951C1E2610009AE757 /* Frameworks */ = {
			isa = PBXFrameworksBuildPhase;
			buildActionMask = 2147483647;
			files = (
				869B5C341C1E2D79009AE757 /* SwiftyJSON.framework in Frameworks */,
				869B5C381C1E2D88009AE757 /* Alamofire.framework in Frameworks */,
			);
			runOnlyForDeploymentPostprocessing = 0;
		};
		869B5BA91C1E2610009AE757 /* Frameworks */ = {
			isa = PBXFrameworksBuildPhase;
			buildActionMask = 2147483647;
			files = (
			);
			runOnlyForDeploymentPostprocessing = 0;
		};
		869B5BB41C1E2610009AE757 /* Frameworks */ = {
			isa = PBXFrameworksBuildPhase;
			buildActionMask = 2147483647;
			files = (
			);
			runOnlyForDeploymentPostprocessing = 0;
		};
/* End PBXFrameworksBuildPhase section */

/* Begin PBXGroup section */
		869B5B8F1C1E2610009AE757 = {
			isa = PBXGroup;
			children = (
				869B5C1C1C1E2D6F009AE757 /* SwiftyJSON.xcodeproj */,
				869B5C041C1E2D67009AE757 /* Alamofire.xcodeproj */,
				869B5B9A1C1E2610009AE757 /* FlightAttendantApp */,
				869B5BAF1C1E2610009AE757 /* FlightAttendantAppTests */,
				869B5BBA1C1E2610009AE757 /* FlightAttendantAppUITests */,
				869B5B991C1E2610009AE757 /* Products */,
			);
			sourceTree = "<group>";
		};
		869B5B991C1E2610009AE757 /* Products */ = {
			isa = PBXGroup;
			children = (
				869B5B981C1E2610009AE757 /* FlightAttendantApp.app */,
				869B5BAC1C1E2610009AE757 /* FlightAttendantAppTests.xctest */,
				869B5BB71C1E2610009AE757 /* FlightAttendantAppUITests.xctest */,
			);
			name = Products;
			sourceTree = "<group>";
		};
		869B5B9A1C1E2610009AE757 /* FlightAttendantApp */ = {
			isa = PBXGroup;
			children = (
				869B5B9B1C1E2610009AE757 /* AppDelegate.swift */,
				869B5B9D1C1E2610009AE757 /* ViewController.swift */,
				093189361C2D5535000B8118 /* Login.swift */,
				093189261C2C582D000B8118 /* Parser.swift */,
				093189341C2D54F9000B8118 /* Extensions.swift */,
				869B5B9F1C1E2610009AE757 /* Main.storyboard */,
				869B5BA21C1E2610009AE757 /* Assets.xcassets */,
				869B5BA41C1E2610009AE757 /* LaunchScreen.storyboard */,
				869B5BA71C1E2610009AE757 /* Info.plist */,
			);
			path = FlightAttendantApp;
			sourceTree = "<group>";
		};
		869B5BAF1C1E2610009AE757 /* FlightAttendantAppTests */ = {
			isa = PBXGroup;
			children = (
				869B5BB01C1E2610009AE757 /* FlightAttendantAppTests.swift */,
				869B5BB21C1E2610009AE757 /* Info.plist */,
			);
			path = FlightAttendantAppTests;
			sourceTree = "<group>";
		};
		869B5BBA1C1E2610009AE757 /* FlightAttendantAppUITests */ = {
			isa = PBXGroup;
			children = (
				869B5BBB1C1E2610009AE757 /* FlightAttendantAppUITests.swift */,
				869B5BBD1C1E2610009AE757 /* Info.plist */,
			);
			path = FlightAttendantAppUITests;
			sourceTree = "<group>";
		};
		869B5C051C1E2D67009AE757 /* Products */ = {
			isa = PBXGroup;
			children = (
				869B5C0F1C1E2D67009AE757 /* Alamofire.framework */,
				869B5C111C1E2D67009AE757 /* Alamofire iOS Tests.xctest */,
				869B5C131C1E2D67009AE757 /* Alamofire.framework */,
				869B5C151C1E2D67009AE757 /* Alamofire OSX Tests.xctest */,
				869B5C171C1E2D67009AE757 /* Alamofire.framework */,
				869B5C191C1E2D67009AE757 /* Alamofire tvOS Tests.xctest */,
				869B5C1B1C1E2D67009AE757 /* Alamofire.framework */,
			);
			name = Products;
			sourceTree = "<group>";
		};
		869B5C1D1C1E2D6F009AE757 /* Products */ = {
			isa = PBXGroup;
			children = (
				869B5C271C1E2D70009AE757 /* SwiftyJSON.framework */,
				869B5C291C1E2D70009AE757 /* SwiftyJSON iOS Tests.xctest */,
				869B5C2B1C1E2D70009AE757 /* SwiftyJSON.framework */,
				869B5C2D1C1E2D70009AE757 /* SwiftyJSON OSX Tests.xctest */,
				869B5C2F1C1E2D70009AE757 /* SwiftyJSON.framework */,
				869B5C311C1E2D70009AE757 /* SwiftyJSON.framework */,
				869B5C331C1E2D70009AE757 /* SwiftyJSON tvOS Tests.xctest */,
			);
			name = Products;
			sourceTree = "<group>";
		};
/* End PBXGroup section */

/* Begin PBXNativeTarget section */
		869B5B971C1E2610009AE757 /* FlightAttendantApp */ = {
			isa = PBXNativeTarget;
			buildConfigurationList = 869B5BC01C1E2610009AE757 /* Build configuration list for PBXNativeTarget "FlightAttendantApp" */;
			buildPhases = (
				869B5B941C1E2610009AE757 /* Sources */,
				869B5B951C1E2610009AE757 /* Frameworks */,
				869B5B961C1E2610009AE757 /* Resources */,
				869B5BFD1C1E2628009AE757 /* Embed Frameworks */,
			);
			buildRules = (
			);
			dependencies = (
				869B5C371C1E2D79009AE757 /* PBXTargetDependency */,
				869B5C3B1C1E2D88009AE757 /* PBXTargetDependency */,
			);
			name = FlightAttendantApp;
			productName = FlightAttendantApp;
			productReference = 869B5B981C1E2610009AE757 /* FlightAttendantApp.app */;
			productType = "com.apple.product-type.application";
		};
		869B5BAB1C1E2610009AE757 /* FlightAttendantAppTests */ = {
			isa = PBXNativeTarget;
			buildConfigurationList = 869B5BC31C1E2610009AE757 /* Build configuration list for PBXNativeTarget "FlightAttendantAppTests" */;
			buildPhases = (
				869B5BA81C1E2610009AE757 /* Sources */,
				869B5BA91C1E2610009AE757 /* Frameworks */,
				869B5BAA1C1E2610009AE757 /* Resources */,
			);
			buildRules = (
			);
			dependencies = (
				869B5BAE1C1E2610009AE757 /* PBXTargetDependency */,
			);
			name = FlightAttendantAppTests;
			productName = FlightAttendantAppTests;
			productReference = 869B5BAC1C1E2610009AE757 /* FlightAttendantAppTests.xctest */;
			productType = "com.apple.product-type.bundle.unit-test";
		};
		869B5BB61C1E2610009AE757 /* FlightAttendantAppUITests */ = {
			isa = PBXNativeTarget;
			buildConfigurationList = 869B5BC61C1E2610009AE757 /* Build configuration list for PBXNativeTarget "FlightAttendantAppUITests" */;
			buildPhases = (
				869B5BB31C1E2610009AE757 /* Sources */,
				869B5BB41C1E2610009AE757 /* Frameworks */,
				869B5BB51C1E2610009AE757 /* Resources */,
			);
			buildRules = (
			);
			dependencies = (
				869B5BB91C1E2610009AE757 /* PBXTargetDependency */,
			);
			name = FlightAttendantAppUITests;
			productName = FlightAttendantAppUITests;
			productReference = 869B5BB71C1E2610009AE757 /* FlightAttendantAppUITests.xctest */;
			productType = "com.apple.product-type.bundle.ui-testing";
		};
/* End PBXNativeTarget section */

/* Begin PBXProject section */
		869B5B901C1E2610009AE757 /* Project object */ = {
			isa = PBXProject;
			attributes = {
				LastSwiftUpdateCheck = 0710;
				LastUpgradeCheck = 0710;
				ORGANIZATIONNAME = MilkyShakeMobile;
				TargetAttributes = {
					869B5B971C1E2610009AE757 = {
						CreatedOnToolsVersion = 7.1;
					};
					869B5BAB1C1E2610009AE757 = {
						CreatedOnToolsVersion = 7.1;
						TestTargetID = 869B5B971C1E2610009AE757;
					};
					869B5BB61C1E2610009AE757 = {
						CreatedOnToolsVersion = 7.1;
						TestTargetID = 869B5B971C1E2610009AE757;
					};
				};
			};
			buildConfigurationList = 869B5B931C1E2610009AE757 /* Build configuration list for PBXProject "FlightAttendantApp" */;
			compatibilityVersion = "Xcode 3.2";
			developmentRegion = English;
			hasScannedForEncodings = 0;
			knownRegions = (
				en,
				Base,
			);
			mainGroup = 869B5B8F1C1E2610009AE757;
			productRefGroup = 869B5B991C1E2610009AE757 /* Products */;
			projectDirPath = "";
			projectReferences = (
				{
					ProductGroup = 869B5C051C1E2D67009AE757 /* Products */;
					ProjectRef = 869B5C041C1E2D67009AE757 /* Alamofire.xcodeproj */;
				},
				{
					ProductGroup = 869B5C1D1C1E2D6F009AE757 /* Products */;
					ProjectRef = 869B5C1C1C1E2D6F009AE757 /* SwiftyJSON.xcodeproj */;
				},
			);
			projectRoot = "";
			targets = (
				869B5B971C1E2610009AE757 /* FlightAttendantApp */,
				869B5BAB1C1E2610009AE757 /* FlightAttendantAppTests */,
				869B5BB61C1E2610009AE757 /* FlightAttendantAppUITests */,
			);
		};
/* End PBXProject section */

/* Begin PBXReferenceProxy section */
		869B5C0F1C1E2D67009AE757 /* Alamofire.framework */ = {
			isa = PBXReferenceProxy;
			fileType = wrapper.framework;
			path = Alamofire.framework;
			remoteRef = 869B5C0E1C1E2D67009AE757 /* PBXContainerItemProxy */;
			sourceTree = BUILT_PRODUCTS_DIR;
		};
		869B5C111C1E2D67009AE757 /* Alamofire iOS Tests.xctest */ = {
			isa = PBXReferenceProxy;
			fileType = wrapper.cfbundle;
			path = "Alamofire iOS Tests.xctest";
			remoteRef = 869B5C101C1E2D67009AE757 /* PBXContainerItemProxy */;
			sourceTree = BUILT_PRODUCTS_DIR;
		};
		869B5C131C1E2D67009AE757 /* Alamofire.framework */ = {
			isa = PBXReferenceProxy;
			fileType = wrapper.framework;
			path = Alamofire.framework;
			remoteRef = 869B5C121C1E2D67009AE757 /* PBXContainerItemProxy */;
			sourceTree = BUILT_PRODUCTS_DIR;
		};
		869B5C151C1E2D67009AE757 /* Alamofire OSX Tests.xctest */ = {
			isa = PBXReferenceProxy;
			fileType = wrapper.cfbundle;
			path = "Alamofire OSX Tests.xctest";
			remoteRef = 869B5C141C1E2D67009AE757 /* PBXContainerItemProxy */;
			sourceTree = BUILT_PRODUCTS_DIR;
		};
		869B5C171C1E2D67009AE757 /* Alamofire.framework */ = {
			isa = PBXReferenceProxy;
			fileType = wrapper.framework;
			path = Alamofire.framework;
			remoteRef = 869B5C161C1E2D67009AE757 /* PBXContainerItemProxy */;
			sourceTree = BUILT_PRODUCTS_DIR;
		};
		869B5C191C1E2D67009AE757 /* Alamofire tvOS Tests.xctest */ = {
			isa = PBXReferenceProxy;
			fileType = wrapper.cfbundle;
			path = "Alamofire tvOS Tests.xctest";
			remoteRef = 869B5C181C1E2D67009AE757 /* PBXContainerItemProxy */;
			sourceTree = BUILT_PRODUCTS_DIR;
		};
		869B5C1B1C1E2D67009AE757 /* Alamofire.framework */ = {
			isa = PBXReferenceProxy;
			fileType = wrapper.framework;
			path = Alamofire.framework;
			remoteRef = 869B5C1A1C1E2D67009AE757 /* PBXContainerItemProxy */;
			sourceTree = BUILT_PRODUCTS_DIR;
		};
		869B5C271C1E2D70009AE757 /* SwiftyJSON.framework */ = {
			isa = PBXReferenceProxy;
			fileType = wrapper.framework;
			path = SwiftyJSON.framework;
			remoteRef = 869B5C261C1E2D70009AE757 /* PBXContainerItemProxy */;
			sourceTree = BUILT_PRODUCTS_DIR;
		};
		869B5C291C1E2D70009AE757 /* SwiftyJSON iOS Tests.xctest */ = {
			isa = PBXReferenceProxy;
			fileType = wrapper.cfbundle;
			path = "SwiftyJSON iOS Tests.xctest";
			remoteRef = 869B5C281C1E2D70009AE757 /* PBXContainerItemProxy */;
			sourceTree = BUILT_PRODUCTS_DIR;
		};
		869B5C2B1C1E2D70009AE757 /* SwiftyJSON.framework */ = {
			isa = PBXReferenceProxy;
			fileType = wrapper.framework;
			path = SwiftyJSON.framework;
			remoteRef = 869B5C2A1C1E2D70009AE757 /* PBXContainerItemProxy */;
			sourceTree = BUILT_PRODUCTS_DIR;
		};
		869B5C2D1C1E2D70009AE757 /* SwiftyJSON OSX Tests.xctest */ = {
			isa = PBXReferenceProxy;
			fileType = wrapper.cfbundle;
			path = "SwiftyJSON OSX Tests.xctest";
			remoteRef = 869B5C2C1C1E2D70009AE757 /* PBXContainerItemProxy */;
			sourceTree = BUILT_PRODUCTS_DIR;
		};
		869B5C2F1C1E2D70009AE757 /* SwiftyJSON.framework */ = {
			isa = PBXReferenceProxy;
			fileType = wrapper.framework;
			path = SwiftyJSON.framework;
			remoteRef = 869B5C2E1C1E2D70009AE757 /* PBXContainerItemProxy */;
			sourceTree = BUILT_PRODUCTS_DIR;
		};
		869B5C311C1E2D70009AE757 /* SwiftyJSON.framework */ = {
			isa = PBXReferenceProxy;
			fileType = wrapper.framework;
			path = SwiftyJSON.framework;
			remoteRef = 869B5C301C1E2D70009AE757 /* PBXContainerItemProxy */;
			sourceTree = BUILT_PRODUCTS_DIR;
		};
		869B5C331C1E2D70009AE757 /* SwiftyJSON tvOS Tests.xctest */ = {
			isa = PBXReferenceProxy;
			fileType = wrapper.cfbundle;
			path = "SwiftyJSON tvOS Tests.xctest";
			remoteRef = 869B5C321C1E2D70009AE757 /* PBXContainerItemProxy */;
			sourceTree = BUILT_PRODUCTS_DIR;
		};
/* End PBXReferenceProxy section */

/* Begin PBXResourcesBuildPhase section */
		869B5B961C1E2610009AE757 /* Resources */ = {
			isa = PBXResourcesBuildPhase;
			buildActionMask = 2147483647;
			files = (
				869B5BA61C1E2610009AE757 /* LaunchScreen.storyboard in Resources */,
				869B5BA31C1E2610009AE757 /* Assets.xcassets in Resources */,
				869B5BA11C1E2610009AE757 /* Main.storyboard in Resources */,
			);
			runOnlyForDeploymentPostprocessing = 0;
		};
		869B5BAA1C1E2610009AE757 /* Resources */ = {
			isa = PBXResourcesBuildPhase;
			buildActionMask = 2147483647;
			files = (
			);
			runOnlyForDeploymentPostprocessing = 0;
		};
		869B5BB51C1E2610009AE757 /* Resources */ = {
			isa = PBXResourcesBuildPhase;
			buildActionMask = 2147483647;
			files = (
			);
			runOnlyForDeploymentPostprocessing = 0;
		};
/* End PBXResourcesBuildPhase section */

/* Begin PBXSourcesBuildPhase section */
		869B5B941C1E2610009AE757 /* Sources */ = {
			isa = PBXSourcesBuildPhase;
			buildActionMask = 2147483647;
			files = (
				869B5B9E1C1E2610009AE757 /* ViewController.swift in Sources */,
				093189371C2D5535000B8118 /* Login.swift in Sources */,
				093189351C2D54F9000B8118 /* Extensions.swift in Sources */,
				869B5B9C1C1E2610009AE757 /* AppDelegate.swift in Sources */,
				093189271C2C582D000B8118 /* Parser.swift in Sources */,
			);
			runOnlyForDeploymentPostprocessing = 0;
		};
		869B5BA81C1E2610009AE757 /* Sources */ = {
			isa = PBXSourcesBuildPhase;
			buildActionMask = 2147483647;
			files = (
				869B5BB11C1E2610009AE757 /* FlightAttendantAppTests.swift in Sources */,
			);
			runOnlyForDeploymentPostprocessing = 0;
		};
		869B5BB31C1E2610009AE757 /* Sources */ = {
			isa = PBXSourcesBuildPhase;
			buildActionMask = 2147483647;
			files = (
				869B5BBC1C1E2610009AE757 /* FlightAttendantAppUITests.swift in Sources */,
			);
			runOnlyForDeploymentPostprocessing = 0;
		};
/* End PBXSourcesBuildPhase section */

/* Begin PBXTargetDependency section */
		869B5BAE1C1E2610009AE757 /* PBXTargetDependency */ = {
			isa = PBXTargetDependency;
			target = 869B5B971C1E2610009AE757 /* FlightAttendantApp */;
			targetProxy = 869B5BAD1C1E2610009AE757 /* PBXContainerItemProxy */;
		};
		869B5BB91C1E2610009AE757 /* PBXTargetDependency */ = {
			isa = PBXTargetDependency;
			target = 869B5B971C1E2610009AE757 /* FlightAttendantApp */;
			targetProxy = 869B5BB81C1E2610009AE757 /* PBXContainerItemProxy */;
		};
		869B5C371C1E2D79009AE757 /* PBXTargetDependency */ = {
			isa = PBXTargetDependency;
			name = "SwiftyJSON iOS";
			targetProxy = 869B5C361C1E2D79009AE757 /* PBXContainerItemProxy */;
		};
		869B5C3B1C1E2D88009AE757 /* PBXTargetDependency */ = {
			isa = PBXTargetDependency;
			name = "Alamofire iOS";
			targetProxy = 869B5C3A1C1E2D88009AE757 /* PBXContainerItemProxy */;
		};
/* End PBXTargetDependency section */

/* Begin PBXVariantGroup section */
		869B5B9F1C1E2610009AE757 /* Main.storyboard */ = {
			isa = PBXVariantGroup;
			children = (
				869B5BA01C1E2610009AE757 /* Base */,
			);
			name = Main.storyboard;
			sourceTree = "<group>";
		};
		869B5BA41C1E2610009AE757 /* LaunchScreen.storyboard */ = {
			isa = PBXVariantGroup;
			children = (
				869B5BA51C1E2610009AE757 /* Base */,
			);
			name = LaunchScreen.storyboard;
			sourceTree = "<group>";
		};
/* End PBXVariantGroup section */

/* Begin XCBuildConfiguration section */
		869B5BBE1C1E2610009AE757 /* Debug */ = {
			isa = XCBuildConfiguration;
			buildSettings = {
				ALWAYS_SEARCH_USER_PATHS = NO;
				CLANG_CXX_LANGUAGE_STANDARD = "gnu++0x";
				CLANG_CXX_LIBRARY = "libc++";
				CLANG_ENABLE_MODULES = YES;
				CLANG_ENABLE_OBJC_ARC = YES;
				CLANG_WARN_BOOL_CONVERSION = YES;
				CLANG_WARN_CONSTANT_CONVERSION = YES;
				CLANG_WARN_DIRECT_OBJC_ISA_USAGE = YES_ERROR;
				CLANG_WARN_EMPTY_BODY = YES;
				CLANG_WARN_ENUM_CONVERSION = YES;
				CLANG_WARN_INT_CONVERSION = YES;
				CLANG_WARN_OBJC_ROOT_CLASS = YES_ERROR;
				CLANG_WARN_UNREACHABLE_CODE = YES;
				CLANG_WARN__DUPLICATE_METHOD_MATCH = YES;
				"CODE_SIGN_IDENTITY[sdk=iphoneos*]" = "iPhone Developer";
				COPY_PHASE_STRIP = NO;
				DEBUG_INFORMATION_FORMAT = dwarf;
				ENABLE_STRICT_OBJC_MSGSEND = YES;
				ENABLE_TESTABILITY = YES;
				GCC_C_LANGUAGE_STANDARD = gnu99;
				GCC_DYNAMIC_NO_PIC = NO;
				GCC_NO_COMMON_BLOCKS = YES;
				GCC_OPTIMIZATION_LEVEL = 0;
				GCC_PREPROCESSOR_DEFINITIONS = (
					"DEBUG=1",
					"$(inherited)",
				);
				GCC_WARN_64_TO_32_BIT_CONVERSION = YES;
				GCC_WARN_ABOUT_RETURN_TYPE = YES_ERROR;
				GCC_WARN_UNDECLARED_SELECTOR = YES;
				GCC_WARN_UNINITIALIZED_AUTOS = YES_AGGRESSIVE;
				GCC_WARN_UNUSED_FUNCTION = YES;
				GCC_WARN_UNUSED_VARIABLE = YES;
				IPHONEOS_DEPLOYMENT_TARGET = 9.1;
				MTL_ENABLE_DEBUG_INFO = YES;
				ONLY_ACTIVE_ARCH = YES;
				SDKROOT = iphoneos;
				SWIFT_OPTIMIZATION_LEVEL = "-Onone";
			};
			name = Debug;
		};
		869B5BBF1C1E2610009AE757 /* Release */ = {
			isa = XCBuildConfiguration;
			buildSettings = {
				ALWAYS_SEARCH_USER_PATHS = NO;
				CLANG_CXX_LANGUAGE_STANDARD = "gnu++0x";
				CLANG_CXX_LIBRARY = "libc++";
				CLANG_ENABLE_MODULES = YES;
				CLANG_ENABLE_OBJC_ARC = YES;
				CLANG_WARN_BOOL_CONVERSION = YES;
				CLANG_WARN_CONSTANT_CONVERSION = YES;
				CLANG_WARN_DIRECT_OBJC_ISA_USAGE = YES_ERROR;
				CLANG_WARN_EMPTY_BODY = YES;
				CLANG_WARN_ENUM_CONVERSION = YES;
				CLANG_WARN_INT_CONVERSION = YES;
				CLANG_WARN_OBJC_ROOT_CLASS = YES_ERROR;
				CLANG_WARN_UNREACHABLE_CODE = YES;
				CLANG_WARN__DUPLICATE_METHOD_MATCH = YES;
				"CODE_SIGN_IDENTITY[sdk=iphoneos*]" = "iPhone Developer";
				COPY_PHASE_STRIP = NO;
				DEBUG_INFORMATION_FORMAT = "dwarf-with-dsym";
				ENABLE_NS_ASSERTIONS = NO;
				ENABLE_STRICT_OBJC_MSGSEND = YES;
				GCC_C_LANGUAGE_STANDARD = gnu99;
				GCC_NO_COMMON_BLOCKS = YES;
				GCC_WARN_64_TO_32_BIT_CONVERSION = YES;
				GCC_WARN_ABOUT_RETURN_TYPE = YES_ERROR;
				GCC_WARN_UNDECLARED_SELECTOR = YES;
				GCC_WARN_UNINITIALIZED_AUTOS = YES_AGGRESSIVE;
				GCC_WARN_UNUSED_FUNCTION = YES;
				GCC_WARN_UNUSED_VARIABLE = YES;
				IPHONEOS_DEPLOYMENT_TARGET = 9.1;
				MTL_ENABLE_DEBUG_INFO = NO;
				SDKROOT = iphoneos;
				VALIDATE_PRODUCT = YES;
			};
			name = Release;
		};
		869B5BC11C1E2610009AE757 /* Debug */ = {
			isa = XCBuildConfiguration;
			buildSettings = {
				ASSETCATALOG_COMPILER_APPICON_NAME = AppIcon;
				EMBEDDED_CONTENT_CONTAINS_SWIFT = YES;
				INFOPLIST_FILE = FlightAttendantApp/Info.plist;
				LD_RUNPATH_SEARCH_PATHS = "$(inherited) @executable_path/Frameworks";
				PRODUCT_BUNDLE_IDENTIFIER = com.milkyshakemobile.FlightAttendantApp;
				PRODUCT_NAME = "$(TARGET_NAME)";
			};
			name = Debug;
		};
		869B5BC21C1E2610009AE757 /* Release */ = {
			isa = XCBuildConfiguration;
			buildSettings = {
				ASSETCATALOG_COMPILER_APPICON_NAME = AppIcon;
				EMBEDDED_CONTENT_CONTAINS_SWIFT = YES;
				INFOPLIST_FILE = FlightAttendantApp/Info.plist;
				LD_RUNPATH_SEARCH_PATHS = "$(inherited) @executable_path/Frameworks";
				PRODUCT_BUNDLE_IDENTIFIER = com.milkyshakemobile.FlightAttendantApp;
				PRODUCT_NAME = "$(TARGET_NAME)";
			};
			name = Release;
		};
		869B5BC41C1E2610009AE757 /* Debug */ = {
			isa = XCBuildConfiguration;
			buildSettings = {
				BUNDLE_LOADER = "$(TEST_HOST)";
				INFOPLIST_FILE = FlightAttendantAppTests/Info.plist;
				LD_RUNPATH_SEARCH_PATHS = "$(inherited) @executable_path/Frameworks @loader_path/Frameworks";
				PRODUCT_BUNDLE_IDENTIFIER = com.milkyshakemobile.FlightAttendantAppTests;
				PRODUCT_NAME = "$(TARGET_NAME)";
				TEST_HOST = "$(BUILT_PRODUCTS_DIR)/FlightAttendantApp.app/FlightAttendantApp";
			};
			name = Debug;
		};
		869B5BC51C1E2610009AE757 /* Release */ = {
			isa = XCBuildConfiguration;
			buildSettings = {
				BUNDLE_LOADER = "$(TEST_HOST)";
				INFOPLIST_FILE = FlightAttendantAppTests/Info.plist;
				LD_RUNPATH_SEARCH_PATHS = "$(inherited) @executable_path/Frameworks @loader_path/Frameworks";
				PRODUCT_BUNDLE_IDENTIFIER = com.milkyshakemobile.FlightAttendantAppTests;
				PRODUCT_NAME = "$(TARGET_NAME)";
				TEST_HOST = "$(BUILT_PRODUCTS_DIR)/FlightAttendantApp.app/FlightAttendantApp";
			};
			name = Release;
		};
		869B5BC71C1E2610009AE757 /* Debug */ = {
			isa = XCBuildConfiguration;
			buildSettings = {
				INFOPLIST_FILE = FlightAttendantAppUITests/Info.plist;
				LD_RUNPATH_SEARCH_PATHS = "$(inherited) @executable_path/Frameworks @loader_path/Frameworks";
				PRODUCT_BUNDLE_IDENTIFIER = com.milkyshakemobile.FlightAttendantAppUITests;
				PRODUCT_NAME = "$(TARGET_NAME)";
				TEST_TARGET_NAME = FlightAttendantApp;
				USES_XCTRUNNER = YES;
			};
			name = Debug;
		};
		869B5BC81C1E2610009AE757 /* Release */ = {
			isa = XCBuildConfiguration;
			buildSettings = {
				INFOPLIST_FILE = FlightAttendantAppUITests/Info.plist;
				LD_RUNPATH_SEARCH_PATHS = "$(inherited) @executable_path/Frameworks @loader_path/Frameworks";
				PRODUCT_BUNDLE_IDENTIFIER = com.milkyshakemobile.FlightAttendantAppUITests;
				PRODUCT_NAME = "$(TARGET_NAME)";
				TEST_TARGET_NAME = FlightAttendantApp;
				USES_XCTRUNNER = YES;
			};
			name = Release;
		};
/* End XCBuildConfiguration section */

/* Begin XCConfigurationList section */
		869B5B931C1E2610009AE757 /* Build configuration list for PBXProject "FlightAttendantApp" */ = {
			isa = XCConfigurationList;
			buildConfigurations = (
				869B5BBE1C1E2610009AE757 /* Debug */,
				869B5BBF1C1E2610009AE757 /* Release */,
			);
			defaultConfigurationIsVisible = 0;
			defaultConfigurationName = Release;
		};
		869B5BC01C1E2610009AE757 /* Build configuration list for PBXNativeTarget "FlightAttendantApp" */ = {
			isa = XCConfigurationList;
			buildConfigurations = (
				869B5BC11C1E2610009AE757 /* Debug */,
				869B5BC21C1E2610009AE757 /* Release */,
			);
			defaultConfigurationIsVisible = 0;
			defaultConfigurationName = Release;
		};
		869B5BC31C1E2610009AE757 /* Build configuration list for PBXNativeTarget "FlightAttendantAppTests" */ = {
			isa = XCConfigurationList;
			buildConfigurations = (
				869B5BC41C1E2610009AE757 /* Debug */,
				869B5BC51C1E2610009AE757 /* Release */,
			);
			defaultConfigurationIsVisible = 0;
			defaultConfigurationName = Release;
		};
		869B5BC61C1E2610009AE757 /* Build configuration list for PBXNativeTarget "FlightAttendantAppUITests" */ = {
			isa = XCConfigurationList;
			buildConfigurations = (
				869B5BC71C1E2610009AE757 /* Debug */,
				869B5BC81C1E2610009AE757 /* Release */,
			);
			defaultConfigurationIsVisible = 0;
			defaultConfigurationName = Release;
		};
/* End XCConfigurationList section */
	};
	rootObject = 869B5B901C1E2610009AE757 /* Project object */;
}
